
Microsoft Visual Studio Solution File, Format Version 12.00
# Visual Studio Version 17
VisualStudioVersion = 17.3.32929.385
MinimumVisualStudioVersion = 10.0.40219.1
Project("{FAE04EC0-301F-11D3-BF4B-00C04F79EFBC}") = "Pexeso", "Pexesp\Pexeso.csproj", "{B1C7ED73-8629-4097-94E4-E77760E5F156}"
EndProject
Global
	GlobalSection(SolutionConfigurationPlatforms) = preSolution
		Debug|Any CPU = Debug|Any CPU
		Release|Any CPU = Release|Any CPU
	EndGlobalSection
	GlobalSection(ProjectConfigurationPlatforms) = postSolution
		{B1C7ED73-8629-4097-94E4-E77760E5F156}.Debug|Any CPU.ActiveCfg = Debug|Any CPU
		{B1C7ED73-8629-4097-94E4-E77760E5F156}.Debug|Any CPU.Build.0 = Debug|Any CPU
		{B1C7ED73-8629-4097-94E4-E77760E5F156}.Release|Any CPU.ActiveCfg = Release|Any CPU
		{B1C7ED73-8629-4097-94E4-E77760E5F156}.Release|Any CPU.Build.0 = Release|Any CPU
	EndGlobalSection
	GlobalSection(SolutionProperties) = preSolution
		HideSolutionNode = FALSE
	EndGlobalSection
	GlobalSection(ExtensibilityGlobals) = postSolution
		SolutionGuid = {C4117615-AFFB-4C06-BD07-98333099BD83}
	EndGlobalSection
EndGlobal
